# THIS IS AN AUTOGENERATED FILE. DO NOT EDIT THIS FILE DIRECTLY.
# yarn lockfile v1


"@types/is-ip@^3.0.0":
  version "3.0.0"
  resolved "https://registry.yarnpkg.com/@types/is-ip/-/is-ip-3.0.0.tgz#6a8c0c456de5f28a4aaff40c2efe10d041b19d92"
  integrity sha512-4bsr3mi//fAtvM6IgxkAxTjHwuUUl89/3emBkmqUvTQ4+rf3XsGsP9eS9N+4EXLdfYS3aJhHyaNwo/zTlRd0ag==
  dependencies:
    is-ip "*"

ip-regex@^4.0.0:
  version "4.1.0"
  resolved "https://registry.yarnpkg.com/ip-regex/-/ip-regex-4.1.0.tgz#5ad62f685a14edb421abebc2fff8db94df67b455"
  integrity sha512-pKnZpbgCTfH/1NLIlOduP/V+WRXzC2MOz3Qo8xmxk8C5GudJLgK5QyLVXOSWy3ParAH7Eemurl3xjv/WXYFvMA==

is-ip@*, is-ip@^3.1.0:
  version "3.1.0"
  resolved "https://registry.yarnpkg.com/is-ip/-/is-ip-3.1.0.tgz#2ae5ddfafaf05cb8008a62093cf29734f657c5d8"
  integrity sha512-35vd5necO7IitFPjd/YBeqwWnyDWbuLH9ZXQdMfDA8TEo7pv5X8yfrvVO3xbJbLUlERCMvf6X0hTUamQxCYJ9Q==
  dependencies:
    ip-regex "^4.0.0"
